{
  "originHash" : "1bc1522dc74df3cbc0ce7a59efe691fd9035224a62ea7a13985270a793aabb2f",
  "pins" : [
    {
      "identity" : "samkit",
      "kind" : "remoteSourceControl",
      "location" : "https://github.com/john-rocky/SamKit.git",
      "state" : {
        "revision" : "e6e154cb86eafa56641a2997e806fedbc489dbf5",
        "version" : "1.0.1"
      }
    },
    {
      "identity" : "sparkle",
      "kind" : "remoteSourceControl",
      "location" : "https://github.com/sparkle-project/Sparkle",
      "state" : {
        "revision" : "ac2def288cbff5cfc7df3ffef6abdf45b72bcb0a",
        "version" : "2.9.6"
      }
    }
  ],
  "version" : 3
}
